// !$*UTF8*$!
{
	archiveVersion = 1;
	classes = {
	};
	objectVersion = 46;
	objects = {

/* Begin PBXBuildFile section */
		AB2B455716916A44004470F9 /* TestsEngine.m in Sources */ = {isa = PBXBuildFile; fileRef = AB2B455616916A44004470F9 /* TestsEngine.m */; };
		AB2B455F16916F45004470F9 /* HTTPSTestEngine.m in Sources */ = {isa = PBXBuildFile; fileRef = AB2B455E16916F45004470F9 /* HTTPSTestEngine.m */; };
		AB3A3090148F09AE00D06246 /* Security.framework in Frameworks */ = {isa = PBXBuildFile; fileRef = AB3A308F148F09AE00D06246 /* Security.framework */; };
		AB480DFF168F1D520017D04B /* client.p12 in Resources */ = {isa = PBXBuildFile; fileRef = AB480DFE168F1D520017D04B /* client.p12 */; };
		AB6E44DB14CBA3CC0089D19C /* FlickrTableViewController.m in Sources */ = {isa = PBXBuildFile; fileRef = AB6E44DA14CBA3CC0089D19C /* FlickrTableViewController.m */; };
		AB6E44DE14CBA43F0089D19C /* FlickrCell.m in Sources */ = {isa = PBXBuildFile; fileRef = AB6E44DD14CBA43F0089D19C /* FlickrCell.m */; };
		AB6E44E114CBA62B0089D19C /* FlickrEngine.m in Sources */ = {isa = PBXBuildFile; fileRef = AB6E44E014CBA62B0089D19C /* FlickrEngine.m */; };
		AB74B0C21467CC120088BF09 /* UIKit.framework in Frameworks */ = {isa = PBXBuildFile; fileRef = AB74B0C11467CC120088BF09 /* UIKit.framework */; };
		AB74B0C41467CC120088BF09 /* Foundation.framework in Frameworks */ = {isa = PBXBuildFile; fileRef = AB74B0C31467CC120088BF09 /* Foundation.framework */; };
		AB74B0C61467CC120088BF09 /* CoreGraphics.framework in Frameworks */ = {isa = PBXBuildFile; fileRef = AB74B0C51467CC120088BF09 /* CoreGraphics.framework */; };
		AB74B1111467E5790088BF09 /* CFNetwork.framework in Frameworks */ = {isa = PBXBuildFile; fileRef = AB74B1101467E5790088BF09 /* CFNetwork.framework */; };
		AB74B1131467E5850088BF09 /* SystemConfiguration.framework in Frameworks */ = {isa = PBXBuildFile; fileRef = AB74B1121467E5850088BF09 /* SystemConfiguration.framework */; };
		AB94373616411E0A0002299C /* Default-568h@2x.png in Resources */ = {isa = PBXBuildFile; fileRef = AB94373516411E0A0002299C /* Default-568h@2x.png */; };
		ABB5C2C8148B3E230056D3E9 /* SampleImage.jpg in Resources */ = {isa = PBXBuildFile; fileRef = ABB5C2C7148B3E230056D3E9 /* SampleImage.jpg */; };
		ABB5C2CA148B3F370056D3E9 /* libMKNetworkKit-iOS.a in Frameworks */ = {isa = PBXBuildFile; fileRef = ABB5C2C9148B3F370056D3E9 /* libMKNetworkKit-iOS.a */; };
		ABC25179146802B900264474 /* YahooEngine.m in Sources */ = {isa = PBXBuildFile; fileRef = ABC25178146802B900264474 /* YahooEngine.m */; };
		ABE94ED2174C9D260043115A /* ImageIO.framework in Frameworks */ = {isa = PBXBuildFile; fileRef = ABE94ED1174C9D260043115A /* ImageIO.framework */; };
		ABF149C81467F312008B20C9 /* AppDelegate.m in Sources */ = {isa = PBXBuildFile; fileRef = ABF149BB1467F312008B20C9 /* AppDelegate.m */; };
		ABF149C91467F312008B20C9 /* InfoPlist.strings in Resources */ = {isa = PBXBuildFile; fileRef = ABF149BC1467F312008B20C9 /* InfoPlist.strings */; };
		ABF149CA1467F312008B20C9 /* MainStoryboard.storyboard in Resources */ = {isa = PBXBuildFile; fileRef = ABF149BE1467F312008B20C9 /* MainStoryboard.storyboard */; };
		ABF149CB1467F312008B20C9 /* main.m in Sources */ = {isa = PBXBuildFile; fileRef = ABF149C01467F312008B20C9 /* main.m */; };
		ABF149CD1467F312008B20C9 /* ViewController.m in Sources */ = {isa = PBXBuildFile; fileRef = ABF149C41467F312008B20C9 /* ViewController.m */; };
/* End PBXBuildFile section */

/* Begin PBXFileReference section */
		AB2B455516916A44004470F9 /* TestsEngine.h */ = {isa = PBXFileReference; fileEncoding = 4; lastKnownFileType = sourcecode.c.h; path = TestsEngine.h; sourceTree = "<group>"; };
		AB2B455616916A44004470F9 /* TestsEngine.m */ = {isa = PBXFileReference; fileEncoding = 4; lastKnownFileType = sourcecode.c.objc; path = TestsEngine.m; sourceTree = "<group>"; };
		AB2B455D16916F45004470F9 /* HTTPSTestEngine.h */ = {isa = PBXFileReference; fileEncoding = 4; lastKnownFileType = sourcecode.c.h; path = HTTPSTestEngine.h; sourceTree = "<group>"; };
		AB2B455E16916F45004470F9 /* HTTPSTestEngine.m */ = {isa = PBXFileReference; fileEncoding = 4; lastKnownFileType = sourcecode.c.objc; path = HTTPSTestEngine.m; sourceTree = "<group>"; };
		AB3A308F148F09AE00D06246 /* Security.framework */ = {isa = PBXFileReference; lastKnownFileType = wrapper.framework; name = Security.framework; path = System/Library/Frameworks/Security.framework; sourceTree = SDKROOT; };
		AB480DFE168F1D520017D04B /* client.p12 */ = {isa = PBXFileReference; fileEncoding = 4; lastKnownFileType = text; path = client.p12; sourceTree = "<group>"; };
		AB6E44D914CBA3CC0089D19C /* FlickrTableViewController.h */ = {isa = PBXFileReference; fileEncoding = 4; lastKnownFileType = sourcecode.c.h; path = FlickrTableViewController.h; sourceTree = "<group>"; };
		AB6E44DA14CBA3CC0089D19C /* FlickrTableViewController.m */ = {isa = PBXFileReference; fileEncoding = 4; lastKnownFileType = sourcecode.c.objc; path = FlickrTableViewController.m; sourceTree = "<group>"; };
		AB6E44DC14CBA43F0089D19C /* FlickrCell.h */ = {isa = PBXFileReference; fileEncoding = 4; lastKnownFileType = sourcecode.c.h; path = FlickrCell.h; sourceTree = "<group>"; };
		AB6E44DD14CBA43F0089D19C /* FlickrCell.m */ = {isa = PBXFileReference; fileEncoding = 4; lastKnownFileType = sourcecode.c.objc; lineEnding = 0; path = FlickrCell.m; sourceTree = "<group>"; xcLanguageSpecificationIdentifier = xcode.lang.objc; };
		AB6E44DF14CBA62B0089D19C /* FlickrEngine.h */ = {isa = PBXFileReference; fileEncoding = 4; lastKnownFileType = sourcecode.c.h; path = FlickrEngine.h; sourceTree = "<group>"; };
		AB6E44E014CBA62B0089D19C /* FlickrEngine.m */ = {isa = PBXFileReference; fileEncoding = 4; lastKnownFileType = sourcecode.c.objc; path = FlickrEngine.m; sourceTree = "<group>"; };
		AB74B0BD1467CC120088BF09 /* MKNetworkKit-iOS-Demo.app */ = {isa = PBXFileReference; explicitFileType = wrapper.application; includeInIndex = 0; path = "MKNetworkKit-iOS-Demo.app"; sourceTree = BUILT_PRODUCTS_DIR; };
		AB74B0C11467CC120088BF09 /* UIKit.framework */ = {isa = PBXFileReference; lastKnownFileType = wrapper.framework; name = UIKit.framework; path = System/Library/Frameworks/UIKit.framework; sourceTree = SDKROOT; };
		AB74B0C31467CC120088BF09 /* Foundation.framework */ = {isa = PBXFileReference; lastKnownFileType = wrapper.framework; name = Foundation.framework; path = System/Library/Frameworks/Foundation.framework; sourceTree = SDKROOT; };
		AB74B0C51467CC120088BF09 /* CoreGraphics.framework */ = {isa = PBXFileReference; lastKnownFileType = wrapper.framework; name = CoreGraphics.framework; path = System/Library/Frameworks/CoreGraphics.framework; sourceTree = SDKROOT; };
		AB74B1101467E5790088BF09 /* CFNetwork.framework */ = {isa = PBXFileReference; lastKnownFileType = wrapper.framework; name = CFNetwork.framework; path = System/Library/Frameworks/CFNetwork.framework; sourceTree = SDKROOT; };
		AB74B1121467E5850088BF09 /* SystemConfiguration.framework */ = {isa = PBXFileReference; lastKnownFileType = wrapper.framework; name = SystemConfiguration.framework; path = System/Library/Frameworks/SystemConfiguration.framework; sourceTree = SDKROOT; };
		AB94373516411E0A0002299C /* Default-568h@2x.png */ = {isa = PBXFileReference; lastKnownFileType = image.png; path = "Default-568h@2x.png"; sourceTree = "<group>"; };
		ABB5C2C7148B3E230056D3E9 /* SampleImage.jpg */ = {isa = PBXFileReference; lastKnownFileType = image.jpeg; name = SampleImage.jpg; path = ../SampleImage.jpg; sourceTree = "<group>"; };
		ABB5C2C9148B3F370056D3E9 /* libMKNetworkKit-iOS.a */ = {isa = PBXFileReference; lastKnownFileType = archive.ar; name = "libMKNetworkKit-iOS.a"; path = "../MKNetworkKit-iOS/build/Release-iphoneos/libMKNetworkKit-iOS.a"; sourceTree = "<group>"; };
		ABC25177146802B900264474 /* YahooEngine.h */ = {isa = PBXFileReference; fileEncoding = 4; lastKnownFileType = sourcecode.c.h; path = YahooEngine.h; sourceTree = "<group>"; };
		ABC25178146802B900264474 /* YahooEngine.m */ = {isa = PBXFileReference; fileEncoding = 4; lastKnownFileType = sourcecode.c.objc; path = YahooEngine.m; sourceTree = "<group>"; };
		ABE94ED1174C9D260043115A /* ImageIO.framework */ = {isa = PBXFileReference; lastKnownFileType = wrapper.framework; name = ImageIO.framework; path = System/Library/Frameworks/ImageIO.framework; sourceTree = SDKROOT; };
		ABF149BA1467F312008B20C9 /* AppDelegate.h */ = {isa = PBXFileReference; fileEncoding = 4; lastKnownFileType = sourcecode.c.h; path = AppDelegate.h; sourceTree = "<group>"; };
		ABF149BB1467F312008B20C9 /* AppDelegate.m */ = {isa = PBXFileReference; fileEncoding = 4; lastKnownFileType = sourcecode.c.objc; path = AppDelegate.m; sourceTree = "<group>"; };
		ABF149BD1467F312008B20C9 /* en */ = {isa = PBXFileReference; lastKnownFileType = text.plist.strings; name = en; path = en.lproj/InfoPlist.strings; sourceTree = "<group>"; };
		ABF149BF1467F312008B20C9 /* en */ = {isa = PBXFileReference; lastKnownFileType = file.storyboard; name = en; path = en.lproj/MainStoryboard.storyboard; sourceTree = "<group>"; };
		ABF149C01467F312008B20C9 /* main.m */ = {isa = PBXFileReference; fileEncoding = 4; lastKnownFileType = sourcecode.c.objc; path = main.m; sourceTree = "<group>"; };
		ABF149C11467F312008B20C9 /* MKNetworkKit-iOS-Demo-Info.plist */ = {isa = PBXFileReference; fileEncoding = 4; lastKnownFileType = text.plist.xml; path = "MKNetworkKit-iOS-Demo-Info.plist"; sourceTree = "<group>"; };
		ABF149C21467F312008B20C9 /* MKNetworkKit-iOS-Demo-Prefix.pch */ = {isa = PBXFileReference; fileEncoding = 4; lastKnownFileType = sourcecode.c.h; path = "MKNetworkKit-iOS-Demo-Prefix.pch"; sourceTree = "<group>"; };
		ABF149C31467F312008B20C9 /* ViewController.h */ = {isa = PBXFileReference; fileEncoding = 4; lastKnownFileType = sourcecode.c.h; path = ViewController.h; sourceTree = "<group>"; };
		ABF149C41467F312008B20C9 /* ViewController.m */ = {isa = PBXFileReference; fileEncoding = 4; lastKnownFileType = sourcecode.c.objc; path = ViewController.m; sourceTree = "<group>"; };
/* End PBXFileReference section */

/* Begin PBXFrameworksBuildPhase section */
		AB74B0BA1467CC120088BF09 /* Frameworks */ = {
			isa = PBXFrameworksBuildPhase;
			buildActionMask = 2147483647;
			files = (
				ABE94ED2174C9D260043115A /* ImageIO.framework in Frameworks */,
				ABB5C2CA148B3F370056D3E9 /* libMKNetworkKit-iOS.a in Frameworks */,
				AB74B1131467E5850088BF09 /* SystemConfiguration.framework in Frameworks */,
				AB74B1111467E5790088BF09 /* CFNetwork.framework in Frameworks */,
				AB74B0C21467CC120088BF09 /* UIKit.framework in Frameworks */,
				AB74B0C41467CC120088BF09 /* Foundation.framework in Frameworks */,
				AB74B0C61467CC120088BF09 /* CoreGraphics.framework in Frameworks */,
				AB3A3090148F09AE00D06246 /* Security.framework in Frameworks */,
			);
			runOnlyForDeploymentPostprocessing = 0;
		};
/* End PBXFrameworksBuildPhase section */

/* Begin PBXGroup section */
		AB74B0B21467CC120088BF09 = {
			isa = PBXGroup;
			children = (
				ABE94ED1174C9D260043115A /* ImageIO.framework */,
				AB94373516411E0A0002299C /* Default-568h@2x.png */,
				AB480DFE168F1D520017D04B /* client.p12 */,
				ABB5C2C9148B3F370056D3E9 /* libMKNetworkKit-iOS.a */,
				ABB5C2C7148B3E230056D3E9 /* SampleImage.jpg */,
				ABF149B91467F312008B20C9 /* MKNetworkKit-iOS-Demo */,
				AB74B0C01467CC120088BF09 /* Frameworks */,
				AB74B0BE1467CC120088BF09 /* Products */,
			);
			sourceTree = "<group>";
		};
		AB74B0BE1467CC120088BF09 /* Products */ = {
			isa = PBXGroup;
			children = (
				AB74B0BD1467CC120088BF09 /* MKNetworkKit-iOS-Demo.app */,
			);
			name = Products;
			sourceTree = "<group>";
		};
		AB74B0C01467CC120088BF09 /* Frameworks */ = {
			isa = PBXGroup;
			children = (
				AB3A308F148F09AE00D06246 /* Security.framework */,
				AB74B1121467E5850088BF09 /* SystemConfiguration.framework */,
				AB74B1101467E5790088BF09 /* CFNetwork.framework */,
				AB74B0C11467CC120088BF09 /* UIKit.framework */,
				AB74B0C31467CC120088BF09 /* Foundation.framework */,
				AB74B0C51467CC120088BF09 /* CoreGraphics.framework */,
			);
			name = Frameworks;
			sourceTree = "<group>";
		};
		ABF149B91467F312008B20C9 /* MKNetworkKit-iOS-Demo */ = {
			isa = PBXGroup;
			children = (
				ABF149BA1467F312008B20C9 /* AppDelegate.h */,
				ABF149BB1467F312008B20C9 /* AppDelegate.m */,
				ABF149BC1467F312008B20C9 /* InfoPlist.strings */,
				ABF149BE1467F312008B20C9 /* MainStoryboard.storyboard */,
				ABF149C01467F312008B20C9 /* main.m */,
				ABF149C11467F312008B20C9 /* MKNetworkKit-iOS-Demo-Info.plist */,
				ABF149C21467F312008B20C9 /* MKNetworkKit-iOS-Demo-Prefix.pch */,
				ABF149C31467F312008B20C9 /* ViewController.h */,
				ABF149C41467F312008B20C9 /* ViewController.m */,
				ABC25177146802B900264474 /* YahooEngine.h */,
				ABC25178146802B900264474 /* YahooEngine.m */,
				AB6E44D914CBA3CC0089D19C /* FlickrTableViewController.h */,
				AB6E44DA14CBA3CC0089D19C /* FlickrTableViewController.m */,
				AB6E44DC14CBA43F0089D19C /* FlickrCell.h */,
				AB6E44DD14CBA43F0089D19C /* FlickrCell.m */,
				AB6E44DF14CBA62B0089D19C /* FlickrEngine.h */,
				AB6E44E014CBA62B0089D19C /* FlickrEngine.m */,
				AB2B455D16916F45004470F9 /* HTTPSTestEngine.h */,
				AB2B455E16916F45004470F9 /* HTTPSTestEngine.m */,
				AB2B455516916A44004470F9 /* TestsEngine.h */,
				AB2B455616916A44004470F9 /* TestsEngine.m */,
			);
			name = "MKNetworkKit-iOS-Demo";
			path = MKNetworkKitDemo;
			sourceTree = "<group>";
		};
/* End PBXGroup section */

/* Begin PBXNativeTarget section */
		AB74B0BC1467CC120088BF09 /* MKNetworkKit-iOS-Demo */ = {
			isa = PBXNativeTarget;
			buildConfigurationList = AB74B0DB1467CC120088BF09 /* Build configuration list for PBXNativeTarget "MKNetworkKit-iOS-Demo" */;
			buildPhases = (
				AB74B0B91467CC120088BF09 /* Sources */,
				AB74B0BA1467CC120088BF09 /* Frameworks */,
				AB74B0BB1467CC120088BF09 /* Resources */,
				AB148FFF148249F4001F4A86 /* ShellScript */,
			);
			buildRules = (
			);
			dependencies = (
			);
			name = "MKNetworkKit-iOS-Demo";
			productName = MKNetworkKit;
			productReference = AB74B0BD1467CC120088BF09 /* MKNetworkKit-iOS-Demo.app */;
			productType = "com.apple.product-type.application";
		};
/* End PBXNativeTarget section */

/* Begin PBXProject section */
		AB74B0B41467CC120088BF09 /* Project object */ = {
			isa = PBXProject;
			attributes = {
				LastUpgradeCheck = 0430;
				ORGANIZATIONNAME = Steinlogic;
			};
			buildConfigurationList = AB74B0B71467CC120088BF09 /* Build configuration list for PBXProject "MKNetworkKit-iOS-Demo" */;
			compatibilityVersion = "Xcode 3.2";
			developmentRegion = English;
			hasScannedForEncodings = 0;
			knownRegions = (
				en,
			);
			mainGroup = AB74B0B21467CC120088BF09;
			productRefGroup = AB74B0BE1467CC120088BF09 /* Products */;
			projectDirPath = "";
			projectRoot = "";
			targets = (
				AB74B0BC1467CC120088BF09 /* MKNetworkKit-iOS-Demo */,
			);
		};
/* End PBXProject section */

/* Begin PBXResourcesBuildPhase section */
		AB74B0BB1467CC120088BF09 /* Resources */ = {
			isa = PBXResourcesBuildPhase;
			buildActionMask = 2147483647;
			files = (
				ABF149C91467F312008B20C9 /* InfoPlist.strings in Resources */,
				ABF149CA1467F312008B20C9 /* MainStoryboard.storyboard in Resources */,
				ABB5C2C8148B3E230056D3E9 /* SampleImage.jpg in Resources */,
				AB94373616411E0A0002299C /* Default-568h@2x.png in Resources */,
				AB480DFF168F1D520017D04B /* client.p12 in Resources */,
			);
			runOnlyForDeploymentPostprocessing = 0;
		};
/* End PBXResourcesBuildPhase section */

/* Begin PBXShellScriptBuildPhase section */
		AB148FFF148249F4001F4A86 /* ShellScript */ = {
			isa = PBXShellScriptBuildPhase;
			buildActionMask = 12;
			files = (
			);
			inputPaths = (
			);
			outputPaths = (
			);
			runOnlyForDeploymentPostprocessing = 0;
			shellPath = /bin/sh;
			shellScript = "";
		};
/* End PBXShellScriptBuildPhase section */

/* Begin PBXSourcesBuildPhase section */
		AB74B0B91467CC120088BF09 /* Sources */ = {
			isa = PBXSourcesBuildPhase;
			buildActionMask = 2147483647;
			files = (
				ABF149C81467F312008B20C9 /* AppDelegate.m in Sources */,
				ABF149CB1467F312008B20C9 /* main.m in Sources */,
				ABF149CD1467F312008B20C9 /* ViewController.m in Sources */,
				ABC25179146802B900264474 /* YahooEngine.m in Sources */,
				AB6E44DB14CBA3CC0089D19C /* FlickrTableViewController.m in Sources */,
				AB6E44DE14CBA43F0089D19C /* FlickrCell.m in Sources */,
				AB6E44E114CBA62B0089D19C /* FlickrEngine.m in Sources */,
				AB2B455716916A44004470F9 /* TestsEngine.m in Sources */,
				AB2B455F16916F45004470F9 /* HTTPSTestEngine.m in Sources */,
			);
			runOnlyForDeploymentPostprocessing = 0;
		};
/* End PBXSourcesBuildPhase section */

/* Begin PBXVariantGroup section */
		ABF149BC1467F312008B20C9 /* InfoPlist.strings */ = {
			isa = PBXVariantGroup;
			children = (
				ABF149BD1467F312008B20C9 /* en */,
			);
			name = InfoPlist.strings;
			sourceTree = "<group>";
		};
		ABF149BE1467F312008B20C9 /* MainStoryboard.storyboard */ = {
			isa = PBXVariantGroup;
			children = (
				ABF149BF1467F312008B20C9 /* en */,
			);
			name = MainStoryboard.storyboard;
			sourceTree = "<group>";
		};
/* End PBXVariantGroup section */

/* Begin XCBuildConfiguration section */
		AB74B0D91467CC120088BF09 /* Debug */ = {
			isa = XCBuildConfiguration;
			buildSettings = {
				ALWAYS_SEARCH_USER_PATHS = NO;
				ARCHS = "$(ARCHS_STANDARD_32_BIT)";
				CLANG_ENABLE_OBJC_ARC = YES;
				"CODE_SIGN_IDENTITY[sdk=iphoneos*]" = "iPhone Developer";
				COPY_PHASE_STRIP = NO;
				GCC_C_LANGUAGE_STANDARD = gnu99;
				GCC_DYNAMIC_NO_PIC = NO;
				GCC_OPTIMIZATION_LEVEL = 0;
				GCC_PREPROCESSOR_DEFINITIONS = (
					"DEBUG=1",
					"$(inherited)",
				);
				GCC_SYMBOLS_PRIVATE_EXTERN = NO;
				GCC_VERSION = com.apple.compilers.llvm.clang.1_0;
				GCC_WARN_ABOUT_MISSING_PROTOTYPES = YES;
				GCC_WARN_ABOUT_RETURN_TYPE = YES;
				GCC_WARN_UNUSED_VARIABLE = YES;
				IPHONEOS_DEPLOYMENT_TARGET = 5.0;
				SDKROOT = iphoneos;
			};
			name = Debug;
		};
		AB74B0DA1467CC120088BF09 /* Release */ = {
			isa = XCBuildConfiguration;
			buildSettings = {
				ALWAYS_SEARCH_USER_PATHS = NO;
				ARCHS = "$(ARCHS_STANDARD_32_BIT)";
				CLANG_ENABLE_OBJC_ARC = YES;
				"CODE_SIGN_IDENTITY[sdk=iphoneos*]" = "iPhone Developer";
				COPY_PHASE_STRIP = YES;
				GCC_C_LANGUAGE_STANDARD = gnu99;
				GCC_VERSION = com.apple.compilers.llvm.clang.1_0;
				GCC_WARN_ABOUT_MISSING_PROTOTYPES = YES;
				GCC_WARN_ABOUT_RETURN_TYPE = YES;
				GCC_WARN_UNUSED_VARIABLE = YES;
				IPHONEOS_DEPLOYMENT_TARGET = 5.0;
				OTHER_CFLAGS = "-DNS_BLOCK_ASSERTIONS=1";
				SDKROOT = iphoneos;
				VALIDATE_PRODUCT = YES;
			};
			name = Release;
		};
		AB74B0DC1467CC120088BF09 /* Debug */ = {
			isa = XCBuildConfiguration;
			buildSettings = {
				CODE_SIGN_IDENTITY = "iPhone Developer";
				GCC_PRECOMPILE_PREFIX_HEADER = YES;
				GCC_PREFIX_HEADER = "MKNetworkKitDemo/MKNetworkKit-iOS-Demo-Prefix.pch";
				INFOPLIST_FILE = "MKNetworkKitDemo/MKNetworkKit-iOS-Demo-Info.plist";
				IPHONEOS_DEPLOYMENT_TARGET = 5.0;
				OTHER_LDFLAGS = (
					"-ObjC",
					"-all_load",
				);
				PRODUCT_NAME = "MKNetworkKit-iOS-Demo";
				PROVISIONING_PROFILE = "";
				WRAPPER_EXTENSION = app;
			};
			name = Debug;
		};
		AB74B0DD1467CC120088BF09 /* Release */ = {
			isa = XCBuildConfiguration;
			buildSettings = {
				CODE_SIGN_IDENTITY = "iPhone Developer";
				GCC_PRECOMPILE_PREFIX_HEADER = YES;
				GCC_PREFIX_HEADER = "MKNetworkKitDemo/MKNetworkKit-iOS-Demo-Prefix.pch";
				INFOPLIST_FILE = "MKNetworkKitDemo/MKNetworkKit-iOS-Demo-Info.plist";
				IPHONEOS_DEPLOYMENT_TARGET = 5.0;
				OTHER_LDFLAGS = (
					"-ObjC",
					"-all_load",
				);
				PRODUCT_NAME = "MKNetworkKit-iOS-Demo";
				PROVISIONING_PROFILE = "";
				WRAPPER_EXTENSION = app;
			};
			name = Release;
		};
/* End XCBuildConfiguration section */

/* Begin XCConfigurationList section */
		AB74B0B71467CC120088BF09 /* Build configuration list for PBXProject "MKNetworkKit-iOS-Demo" */ = {
			isa = XCConfigurationList;
			buildConfigurations = (
				AB74B0D91467CC120088BF09 /* Debug */,
				AB74B0DA1467CC120088BF09 /* Release */,
			);
			defaultConfigurationIsVisible = 0;
			defaultConfigurationName = Release;
		};
		AB74B0DB1467CC120088BF09 /* Build configuration list for PBXNativeTarget "MKNetworkKit-iOS-Demo" */ = {
			isa = XCConfigurationList;
			buildConfigurations = (
				AB74B0DC1467CC120088BF09 /* Debug */,
				AB74B0DD1467CC120088BF09 /* Release */,
			);
			defaultConfigurationIsVisible = 0;
			defaultConfigurationName = Release;
		};
/* End XCConfigurationList section */
	};
	rootObject = AB74B0B41467CC120088BF09 /* Project object */;
}
