// !$*UTF8*$!
{
	archiveVersion = 1;
	classes = {
	};
	objectVersion = 46;
	objects = {

/* Begin PBXBuildFile section */
		AB3A309C148F0A4400D06246 /* NSDate+RFC1123.h in Headers */ = {isa = PBXBuildFile; fileRef = AB3A309A148F0A4400D06246 /* NSDate+RFC1123.h */; };
		AB3A309D148F0A4400D06246 /* NSDate+RFC1123.m in Sources */ = {isa = PBXBuildFile; fileRef = AB3A309B148F0A4400D06246 /* NSDate+RFC1123.m */; };
		AB3A30A6148F0B8C00D06246 /* Security.framework in Frameworks */ = {isa = PBXBuildFile; fileRef = AB3A30A5148F0B8C00D06246 /* Security.framework */; };
		AB8AF0CA148B445200ECE140 /* NSAlert+MKNetworkKitAdditions.h in Headers */ = {isa = PBXBuildFile; fileRef = AB8AF0C8148B445200ECE140 /* NSAlert+MKNetworkKitAdditions.h */; };
		AB8AF0CB148B445200ECE140 /* NSAlert+MKNetworkKitAdditions.m in Sources */ = {isa = PBXBuildFile; fileRef = AB8AF0C9148B445200ECE140 /* NSAlert+MKNetworkKitAdditions.m */; };
		ABB5C27B148B3B010056D3E9 /* Cocoa.framework in Frameworks */ = {isa = PBXBuildFile; fileRef = ABB5C27A148B3B010056D3E9 /* Cocoa.framework */; };
		ABB5C29C148B3B160056D3E9 /* NSDictionary+RequestEncoding.h in Headers */ = {isa = PBXBuildFile; fileRef = ABB5C28D148B3B160056D3E9 /* NSDictionary+RequestEncoding.h */; };
		ABB5C29D148B3B160056D3E9 /* NSDictionary+RequestEncoding.m in Sources */ = {isa = PBXBuildFile; fileRef = ABB5C28E148B3B160056D3E9 /* NSDictionary+RequestEncoding.m */; };
		ABB5C29E148B3B160056D3E9 /* NSString+MKNetworkKitAdditions.h in Headers */ = {isa = PBXBuildFile; fileRef = ABB5C28F148B3B160056D3E9 /* NSString+MKNetworkKitAdditions.h */; };
		ABB5C29F148B3B160056D3E9 /* NSString+MKNetworkKitAdditions.m in Sources */ = {isa = PBXBuildFile; fileRef = ABB5C290148B3B160056D3E9 /* NSString+MKNetworkKitAdditions.m */; };
		ABB5C2A2148B3B160056D3E9 /* MKNetworkEngine.h in Headers */ = {isa = PBXBuildFile; fileRef = ABB5C293148B3B160056D3E9 /* MKNetworkEngine.h */; };
		ABB5C2A3148B3B160056D3E9 /* MKNetworkEngine.m in Sources */ = {isa = PBXBuildFile; fileRef = ABB5C294148B3B160056D3E9 /* MKNetworkEngine.m */; };
		ABB5C2A4148B3B160056D3E9 /* MKNetworkKit.h in Headers */ = {isa = PBXBuildFile; fileRef = ABB5C295148B3B160056D3E9 /* MKNetworkKit.h */; };
		ABB5C2A5148B3B160056D3E9 /* MKNetworkOperation.h in Headers */ = {isa = PBXBuildFile; fileRef = ABB5C296148B3B160056D3E9 /* MKNetworkOperation.h */; };
		ABB5C2A6148B3B160056D3E9 /* MKNetworkOperation.m in Sources */ = {isa = PBXBuildFile; fileRef = ABB5C297148B3B160056D3E9 /* MKNetworkOperation.m */; };
		ABB5C2A7148B3B160056D3E9 /* Reachability.h in Headers */ = {isa = PBXBuildFile; fileRef = ABB5C299148B3B160056D3E9 /* Reachability.h */; };
		ABB5C2A8148B3B160056D3E9 /* Reachability.m in Sources */ = {isa = PBXBuildFile; fileRef = ABB5C29A148B3B160056D3E9 /* Reachability.m */; };
		ABDC974A1498A8B60034CEBE /* NSData+MKBase64.h in Headers */ = {isa = PBXBuildFile; fileRef = ABDC97481498A8B60034CEBE /* NSData+MKBase64.h */; };
		ABDC974B1498A8B60034CEBE /* NSData+MKBase64.m in Sources */ = {isa = PBXBuildFile; fileRef = ABDC97491498A8B60034CEBE /* NSData+MKBase64.m */; };
/* End PBXBuildFile section */

/* Begin PBXFileReference section */
		AB3A309A148F0A4400D06246 /* NSDate+RFC1123.h */ = {isa = PBXFileReference; fileEncoding = 4; lastKnownFileType = sourcecode.c.h; path = "NSDate+RFC1123.h"; sourceTree = "<group>"; };
		AB3A309B148F0A4400D06246 /* NSDate+RFC1123.m */ = {isa = PBXFileReference; fileEncoding = 4; lastKnownFileType = sourcecode.c.objc; path = "NSDate+RFC1123.m"; sourceTree = "<group>"; };
		AB3A30A5148F0B8C00D06246 /* Security.framework */ = {isa = PBXFileReference; lastKnownFileType = wrapper.framework; name = Security.framework; path = System/Library/Frameworks/Security.framework; sourceTree = SDKROOT; };
		AB8AF0C8148B445200ECE140 /* NSAlert+MKNetworkKitAdditions.h */ = {isa = PBXFileReference; fileEncoding = 4; lastKnownFileType = sourcecode.c.h; path = "NSAlert+MKNetworkKitAdditions.h"; sourceTree = "<group>"; };
		AB8AF0C9148B445200ECE140 /* NSAlert+MKNetworkKitAdditions.m */ = {isa = PBXFileReference; fileEncoding = 4; lastKnownFileType = sourcecode.c.objc; path = "NSAlert+MKNetworkKitAdditions.m"; sourceTree = "<group>"; };
		ABB5C277148B3B010056D3E9 /* libMKNetworkKit-OSX.a */ = {isa = PBXFileReference; explicitFileType = archive.ar; includeInIndex = 0; path = "libMKNetworkKit-OSX.a"; sourceTree = BUILT_PRODUCTS_DIR; };
		ABB5C27A148B3B010056D3E9 /* Cocoa.framework */ = {isa = PBXFileReference; lastKnownFileType = wrapper.framework; name = Cocoa.framework; path = System/Library/Frameworks/Cocoa.framework; sourceTree = SDKROOT; };
		ABB5C27D148B3B010056D3E9 /* AppKit.framework */ = {isa = PBXFileReference; lastKnownFileType = wrapper.framework; name = AppKit.framework; path = System/Library/Frameworks/AppKit.framework; sourceTree = SDKROOT; };
		ABB5C27E148B3B010056D3E9 /* CoreData.framework */ = {isa = PBXFileReference; lastKnownFileType = wrapper.framework; name = CoreData.framework; path = System/Library/Frameworks/CoreData.framework; sourceTree = SDKROOT; };
		ABB5C27F148B3B010056D3E9 /* Foundation.framework */ = {isa = PBXFileReference; lastKnownFileType = wrapper.framework; name = Foundation.framework; path = System/Library/Frameworks/Foundation.framework; sourceTree = SDKROOT; };
		ABB5C282148B3B010056D3E9 /* MKNetworkKit-OSX-Prefix.pch */ = {isa = PBXFileReference; lastKnownFileType = sourcecode.c.h; path = "MKNetworkKit-OSX-Prefix.pch"; sourceTree = "<group>"; };
		ABB5C28D148B3B160056D3E9 /* NSDictionary+RequestEncoding.h */ = {isa = PBXFileReference; fileEncoding = 4; lastKnownFileType = sourcecode.c.h; path = "NSDictionary+RequestEncoding.h"; sourceTree = "<group>"; };
		ABB5C28E148B3B160056D3E9 /* NSDictionary+RequestEncoding.m */ = {isa = PBXFileReference; fileEncoding = 4; lastKnownFileType = sourcecode.c.objc; path = "NSDictionary+RequestEncoding.m"; sourceTree = "<group>"; };
		ABB5C28F148B3B160056D3E9 /* NSString+MKNetworkKitAdditions.h */ = {isa = PBXFileReference; fileEncoding = 4; lastKnownFileType = sourcecode.c.h; path = "NSString+MKNetworkKitAdditions.h"; sourceTree = "<group>"; };
		ABB5C290148B3B160056D3E9 /* NSString+MKNetworkKitAdditions.m */ = {isa = PBXFileReference; fileEncoding = 4; lastKnownFileType = sourcecode.c.objc; path = "NSString+MKNetworkKitAdditions.m"; sourceTree = "<group>"; };
		ABB5C293148B3B160056D3E9 /* MKNetworkEngine.h */ = {isa = PBXFileReference; fileEncoding = 4; lastKnownFileType = sourcecode.c.h; name = MKNetworkEngine.h; path = ../../MKNetworkKit/MKNetworkEngine.h; sourceTree = "<group>"; };
		ABB5C294148B3B160056D3E9 /* MKNetworkEngine.m */ = {isa = PBXFileReference; fileEncoding = 4; lastKnownFileType = sourcecode.c.objc; name = MKNetworkEngine.m; path = ../../MKNetworkKit/MKNetworkEngine.m; sourceTree = "<group>"; };
		ABB5C295148B3B160056D3E9 /* MKNetworkKit.h */ = {isa = PBXFileReference; fileEncoding = 4; lastKnownFileType = sourcecode.c.h; name = MKNetworkKit.h; path = ../../MKNetworkKit/MKNetworkKit.h; sourceTree = "<group>"; };
		ABB5C296148B3B160056D3E9 /* MKNetworkOperation.h */ = {isa = PBXFileReference; fileEncoding = 4; lastKnownFileType = sourcecode.c.h; name = MKNetworkOperation.h; path = ../../MKNetworkKit/MKNetworkOperation.h; sourceTree = "<group>"; };
		ABB5C297148B3B160056D3E9 /* MKNetworkOperation.m */ = {isa = PBXFileReference; fileEncoding = 4; lastKnownFileType = sourcecode.c.objc; name = MKNetworkOperation.m; path = ../../MKNetworkKit/MKNetworkOperation.m; sourceTree = "<group>"; };
		ABB5C299148B3B160056D3E9 /* Reachability.h */ = {isa = PBXFileReference; fileEncoding = 4; lastKnownFileType = sourcecode.c.h; path = Reachability.h; sourceTree = "<group>"; };
		ABB5C29A148B3B160056D3E9 /* Reachability.m */ = {isa = PBXFileReference; fileEncoding = 4; lastKnownFileType = sourcecode.c.objc; path = Reachability.m; sourceTree = "<group>"; };
		ABDC97481498A8B60034CEBE /* NSData+MKBase64.h */ = {isa = PBXFileReference; fileEncoding = 4; lastKnownFileType = sourcecode.c.h; path = "NSData+MKBase64.h"; sourceTree = "<group>"; };
		ABDC97491498A8B60034CEBE /* NSData+MKBase64.m */ = {isa = PBXFileReference; fileEncoding = 4; lastKnownFileType = sourcecode.c.objc; path = "NSData+MKBase64.m"; sourceTree = "<group>"; };
/* End PBXFileReference section */

/* Begin PBXFrameworksBuildPhase section */
		ABB5C274148B3B010056D3E9 /* Frameworks */ = {
			isa = PBXFrameworksBuildPhase;
			buildActionMask = 2147483647;
			files = (
				AB3A30A6148F0B8C00D06246 /* Security.framework in Frameworks */,
				ABB5C27B148B3B010056D3E9 /* Cocoa.framework in Frameworks */,
			);
			runOnlyForDeploymentPostprocessing = 0;
		};
/* End PBXFrameworksBuildPhase section */

/* Begin PBXGroup section */
		ABB5C26C148B3B010056D3E9 = {
			isa = PBXGroup;
			children = (
				ABB5C280148B3B010056D3E9 /* MKNetworkKit-OSX */,
				ABB5C279148B3B010056D3E9 /* Frameworks */,
				ABB5C278148B3B010056D3E9 /* Products */,
			);
			sourceTree = "<group>";
		};
		ABB5C278148B3B010056D3E9 /* Products */ = {
			isa = PBXGroup;
			children = (
				ABB5C277148B3B010056D3E9 /* libMKNetworkKit-OSX.a */,
			);
			name = Products;
			sourceTree = "<group>";
		};
		ABB5C279148B3B010056D3E9 /* Frameworks */ = {
			isa = PBXGroup;
			children = (
				AB3A30A5148F0B8C00D06246 /* Security.framework */,
				ABB5C27A148B3B010056D3E9 /* Cocoa.framework */,
				ABB5C27C148B3B010056D3E9 /* Other Frameworks */,
			);
			name = Frameworks;
			sourceTree = "<group>";
		};
		ABB5C27C148B3B010056D3E9 /* Other Frameworks */ = {
			isa = PBXGroup;
			children = (
				ABB5C27D148B3B010056D3E9 /* AppKit.framework */,
				ABB5C27E148B3B010056D3E9 /* CoreData.framework */,
				ABB5C27F148B3B010056D3E9 /* Foundation.framework */,
			);
			name = "Other Frameworks";
			sourceTree = "<group>";
		};
		ABB5C280148B3B010056D3E9 /* MKNetworkKit-OSX */ = {
			isa = PBXGroup;
			children = (
				ABB5C28C148B3B160056D3E9 /* Categories */,
				ABB5C293148B3B160056D3E9 /* MKNetworkEngine.h */,
				ABB5C294148B3B160056D3E9 /* MKNetworkEngine.m */,
				ABB5C295148B3B160056D3E9 /* MKNetworkKit.h */,
				ABB5C296148B3B160056D3E9 /* MKNetworkOperation.h */,
				ABB5C297148B3B160056D3E9 /* MKNetworkOperation.m */,
				ABB5C298148B3B160056D3E9 /* Reachability */,
				ABB5C281148B3B010056D3E9 /* Supporting Files */,
			);
			path = "MKNetworkKit-OSX";
			sourceTree = "<group>";
		};
		ABB5C281148B3B010056D3E9 /* Supporting Files */ = {
			isa = PBXGroup;
			children = (
				ABB5C282148B3B010056D3E9 /* MKNetworkKit-OSX-Prefix.pch */,
			);
			name = "Supporting Files";
			sourceTree = "<group>";
		};
		ABB5C28C148B3B160056D3E9 /* Categories */ = {
			isa = PBXGroup;
			children = (
				ABDC97481498A8B60034CEBE /* NSData+MKBase64.h */,
				ABDC97491498A8B60034CEBE /* NSData+MKBase64.m */,
				AB3A309A148F0A4400D06246 /* NSDate+RFC1123.h */,
				AB3A309B148F0A4400D06246 /* NSDate+RFC1123.m */,
				ABB5C28D148B3B160056D3E9 /* NSDictionary+RequestEncoding.h */,
				ABB5C28E148B3B160056D3E9 /* NSDictionary+RequestEncoding.m */,
				ABB5C28F148B3B160056D3E9 /* NSString+MKNetworkKitAdditions.h */,
				ABB5C290148B3B160056D3E9 /* NSString+MKNetworkKitAdditions.m */,
				AB8AF0C8148B445200ECE140 /* NSAlert+MKNetworkKitAdditions.h */,
				AB8AF0C9148B445200ECE140 /* NSAlert+MKNetworkKitAdditions.m */,
			);
			name = Categories;
			path = ../../MKNetworkKit/Categories;
			sourceTree = "<group>";
		};
		ABB5C298148B3B160056D3E9 /* Reachability */ = {
			isa = PBXGroup;
			children = (
				ABB5C299148B3B160056D3E9 /* Reachability.h */,
				ABB5C29A148B3B160056D3E9 /* Reachability.m */,
			);
			name = Reachability;
			path = ../../MKNetworkKit/Reachability;
			sourceTree = "<group>";
		};
/* End PBXGroup section */

/* Begin PBXHeadersBuildPhase section */
		ABB5C275148B3B010056D3E9 /* Headers */ = {
			isa = PBXHeadersBuildPhase;
			buildActionMask = 2147483647;
			files = (
				ABB5C29C148B3B160056D3E9 /* NSDictionary+RequestEncoding.h in Headers */,
				ABB5C29E148B3B160056D3E9 /* NSString+MKNetworkKitAdditions.h in Headers */,
				ABB5C2A2148B3B160056D3E9 /* MKNetworkEngine.h in Headers */,
				ABB5C2A4148B3B160056D3E9 /* MKNetworkKit.h in Headers */,
				ABB5C2A5148B3B160056D3E9 /* MKNetworkOperation.h in Headers */,
				ABB5C2A7148B3B160056D3E9 /* Reachability.h in Headers */,
				AB8AF0CA148B445200ECE140 /* NSAlert+MKNetworkKitAdditions.h in Headers */,
				AB3A309C148F0A4400D06246 /* NSDate+RFC1123.h in Headers */,
				ABDC974A1498A8B60034CEBE /* NSData+MKBase64.h in Headers */,
			);
			runOnlyForDeploymentPostprocessing = 0;
		};
/* End PBXHeadersBuildPhase section */

/* Begin PBXNativeTarget section */
		ABB5C276148B3B010056D3E9 /* MKNetworkKit-OSX */ = {
			isa = PBXNativeTarget;
			buildConfigurationList = ABB5C288148B3B010056D3E9 /* Build configuration list for PBXNativeTarget "MKNetworkKit-OSX" */;
			buildPhases = (
				ABB5C273148B3B010056D3E9 /* Sources */,
				ABB5C274148B3B010056D3E9 /* Frameworks */,
				ABB5C275148B3B010056D3E9 /* Headers */,
			);
			buildRules = (
			);
			dependencies = (
			);
			name = "MKNetworkKit-OSX";
			productName = "MKNetworkKit-OSX";
			productReference = ABB5C277148B3B010056D3E9 /* libMKNetworkKit-OSX.a */;
			productType = "com.apple.product-type.library.static";
		};
/* End PBXNativeTarget section */

/* Begin PBXProject section */
		ABB5C26E148B3B010056D3E9 /* Project object */ = {
			isa = PBXProject;
			attributes = {
				LastUpgradeCheck = 0450;
				ORGANIZATIONNAME = Steinlogic;
			};
			buildConfigurationList = ABB5C271148B3B010056D3E9 /* Build configuration list for PBXProject "MKNetworkKit-OSX" */;
			compatibilityVersion = "Xcode 3.2";
			developmentRegion = English;
			hasScannedForEncodings = 0;
			knownRegions = (
				en,
			);
			mainGroup = ABB5C26C148B3B010056D3E9;
			productRefGroup = ABB5C278148B3B010056D3E9 /* Products */;
			projectDirPath = "";
			projectRoot = "";
			targets = (
				ABB5C276148B3B010056D3E9 /* MKNetworkKit-OSX */,
			);
		};
/* End PBXProject section */

/* Begin PBXSourcesBuildPhase section */
		ABB5C273148B3B010056D3E9 /* Sources */ = {
			isa = PBXSourcesBuildPhase;
			buildActionMask = 2147483647;
			files = (
				ABB5C29D148B3B160056D3E9 /* NSDictionary+RequestEncoding.m in Sources */,
				ABB5C29F148B3B160056D3E9 /* NSString+MKNetworkKitAdditions.m in Sources */,
				ABB5C2A3148B3B160056D3E9 /* MKNetworkEngine.m in Sources */,
				ABB5C2A6148B3B160056D3E9 /* MKNetworkOperation.m in Sources */,
				ABB5C2A8148B3B160056D3E9 /* Reachability.m in Sources */,
				AB8AF0CB148B445200ECE140 /* NSAlert+MKNetworkKitAdditions.m in Sources */,
				AB3A309D148F0A4400D06246 /* NSDate+RFC1123.m in Sources */,
				ABDC974B1498A8B60034CEBE /* NSData+MKBase64.m in Sources */,
			);
			runOnlyForDeploymentPostprocessing = 0;
		};
/* End PBXSourcesBuildPhase section */

/* Begin XCBuildConfiguration section */
		ABB5C286148B3B010056D3E9 /* Debug */ = {
			isa = XCBuildConfiguration;
			buildSettings = {
				ALWAYS_SEARCH_USER_PATHS = NO;
				ARCHS = "$(ARCHS_STANDARD_64_BIT)";
				CLANG_ENABLE_OBJC_ARC = YES;
				COPY_PHASE_STRIP = NO;
				GCC_C_LANGUAGE_STANDARD = gnu99;
				GCC_DYNAMIC_NO_PIC = NO;
				GCC_ENABLE_OBJC_EXCEPTIONS = YES;
				GCC_OPTIMIZATION_LEVEL = 0;
				GCC_PREPROCESSOR_DEFINITIONS = (
					"DEBUG=1",
					"$(inherited)",
				);
				GCC_SYMBOLS_PRIVATE_EXTERN = NO;
				GCC_VERSION = com.apple.compilers.llvm.clang.1_0;
				GCC_WARN_64_TO_32_BIT_CONVERSION = YES;
				GCC_WARN_ABOUT_MISSING_PROTOTYPES = YES;
				GCC_WARN_ABOUT_RETURN_TYPE = YES;
				GCC_WARN_UNUSED_VARIABLE = YES;
				MACOSX_DEPLOYMENT_TARGET = 10.7;
				ONLY_ACTIVE_ARCH = YES;
				SDKROOT = macosx;
			};
			name = Debug;
		};
		ABB5C287148B3B010056D3E9 /* Release */ = {
			isa = XCBuildConfiguration;
			buildSettings = {
				ALWAYS_SEARCH_USER_PATHS = NO;
				ARCHS = "$(ARCHS_STANDARD_64_BIT)";
				CLANG_ENABLE_OBJC_ARC = YES;
				COPY_PHASE_STRIP = YES;
				DEBUG_INFORMATION_FORMAT = "dwarf-with-dsym";
				GCC_C_LANGUAGE_STANDARD = gnu99;
				GCC_ENABLE_OBJC_EXCEPTIONS = YES;
				GCC_VERSION = com.apple.compilers.llvm.clang.1_0;
				GCC_WARN_64_TO_32_BIT_CONVERSION = YES;
				GCC_WARN_ABOUT_MISSING_PROTOTYPES = YES;
				GCC_WARN_ABOUT_RETURN_TYPE = YES;
				GCC_WARN_UNUSED_VARIABLE = YES;
				MACOSX_DEPLOYMENT_TARGET = 10.7;
				SDKROOT = macosx;
			};
			name = Release;
		};
		ABB5C289148B3B010056D3E9 /* Debug */ = {
			isa = XCBuildConfiguration;
			buildSettings = {
				COMBINE_HIDPI_IMAGES = YES;
				GCC_PRECOMPILE_PREFIX_HEADER = YES;
				GCC_PREFIX_HEADER = "MKNetworkKit-OSX/MKNetworkKit-OSX-Prefix.pch";
				PRODUCT_NAME = "$(TARGET_NAME)";
			};
			name = Debug;
		};
		ABB5C28A148B3B010056D3E9 /* Release */ = {
			isa = XCBuildConfiguration;
			buildSettings = {
				COMBINE_HIDPI_IMAGES = YES;
				GCC_PRECOMPILE_PREFIX_HEADER = YES;
				GCC_PREFIX_HEADER = "MKNetworkKit-OSX/MKNetworkKit-OSX-Prefix.pch";
				PRODUCT_NAME = "$(TARGET_NAME)";
			};
			name = Release;
		};
/* End XCBuildConfiguration section */

/* Begin XCConfigurationList section */
		ABB5C271148B3B010056D3E9 /* Build configuration list for PBXProject "MKNetworkKit-OSX" */ = {
			isa = XCConfigurationList;
			buildConfigurations = (
				ABB5C286148B3B010056D3E9 /* Debug */,
				ABB5C287148B3B010056D3E9 /* Release */,
			);
			defaultConfigurationIsVisible = 0;
			defaultConfigurationName = Release;
		};
		ABB5C288148B3B010056D3E9 /* Build configuration list for PBXNativeTarget "MKNetworkKit-OSX" */ = {
			isa = XCConfigurationList;
			buildConfigurations = (
				ABB5C289148B3B010056D3E9 /* Debug */,
				ABB5C28A148B3B010056D3E9 /* Release */,
			);
			defaultConfigurationIsVisible = 0;
			defaultConfigurationName = Release;
		};
/* End XCConfigurationList section */
	};
	rootObject = ABB5C26E148B3B010056D3E9 /* Project object */;
}
