// !$*UTF8*$!
{
	archiveVersion = 1;
	classes = {
	};
	objectVersion = 46;
	objects = {

/* Begin PBXBuildFile section */
		ABA53C11148F0D6A00809400 /* Cocoa.framework in Frameworks */ = {isa = PBXBuildFile; fileRef = ABA53C10148F0D6A00809400 /* Cocoa.framework */; };
		ABA53C1B148F0D6A00809400 /* InfoPlist.strings in Resources */ = {isa = PBXBuildFile; fileRef = ABA53C19148F0D6A00809400 /* InfoPlist.strings */; };
		ABA53C1D148F0D6A00809400 /* main.m in Sources */ = {isa = PBXBuildFile; fileRef = ABA53C1C148F0D6A00809400 /* main.m */; };
		ABA53C21148F0D6A00809400 /* Credits.rtf in Resources */ = {isa = PBXBuildFile; fileRef = ABA53C1F148F0D6A00809400 /* Credits.rtf */; };
		ABA53C24148F0D6A00809400 /* AppDelegate.m in Sources */ = {isa = PBXBuildFile; fileRef = ABA53C23148F0D6A00809400 /* AppDelegate.m */; };
		ABA53C27148F0D6A00809400 /* MainMenu.xib in Resources */ = {isa = PBXBuildFile; fileRef = ABA53C25148F0D6A00809400 /* MainMenu.xib */; };
		ABA53C2E148F0D7000809400 /* libMKNetworkKit-OSX.a in Frameworks */ = {isa = PBXBuildFile; fileRef = ABA53C2D148F0D7000809400 /* libMKNetworkKit-OSX.a */; };
/* End PBXBuildFile section */

/* Begin PBXFileReference section */
		ABA53C0C148F0D6A00809400 /* MKNetworkKit-OSX-Demo.app */ = {isa = PBXFileReference; explicitFileType = wrapper.application; includeInIndex = 0; path = "MKNetworkKit-OSX-Demo.app"; sourceTree = BUILT_PRODUCTS_DIR; };
		ABA53C10148F0D6A00809400 /* Cocoa.framework */ = {isa = PBXFileReference; lastKnownFileType = wrapper.framework; name = Cocoa.framework; path = System/Library/Frameworks/Cocoa.framework; sourceTree = SDKROOT; };
		ABA53C13148F0D6A00809400 /* AppKit.framework */ = {isa = PBXFileReference; lastKnownFileType = wrapper.framework; name = AppKit.framework; path = System/Library/Frameworks/AppKit.framework; sourceTree = SDKROOT; };
		ABA53C14148F0D6A00809400 /* CoreData.framework */ = {isa = PBXFileReference; lastKnownFileType = wrapper.framework; name = CoreData.framework; path = System/Library/Frameworks/CoreData.framework; sourceTree = SDKROOT; };
		ABA53C15148F0D6A00809400 /* Foundation.framework */ = {isa = PBXFileReference; lastKnownFileType = wrapper.framework; name = Foundation.framework; path = System/Library/Frameworks/Foundation.framework; sourceTree = SDKROOT; };
		ABA53C18148F0D6A00809400 /* MKNetworkKit-OSX-Demo-Info.plist */ = {isa = PBXFileReference; lastKnownFileType = text.plist.xml; path = "MKNetworkKit-OSX-Demo-Info.plist"; sourceTree = "<group>"; };
		ABA53C1A148F0D6A00809400 /* en */ = {isa = PBXFileReference; lastKnownFileType = text.plist.strings; name = en; path = en.lproj/InfoPlist.strings; sourceTree = "<group>"; };
		ABA53C1C148F0D6A00809400 /* main.m */ = {isa = PBXFileReference; lastKnownFileType = sourcecode.c.objc; path = main.m; sourceTree = "<group>"; };
		ABA53C1E148F0D6A00809400 /* MKNetworkKit-OSX-Demo-Prefix.pch */ = {isa = PBXFileReference; lastKnownFileType = sourcecode.c.h; path = "MKNetworkKit-OSX-Demo-Prefix.pch"; sourceTree = "<group>"; };
		ABA53C20148F0D6A00809400 /* en */ = {isa = PBXFileReference; lastKnownFileType = text.rtf; name = en; path = en.lproj/Credits.rtf; sourceTree = "<group>"; };
		ABA53C22148F0D6A00809400 /* AppDelegate.h */ = {isa = PBXFileReference; lastKnownFileType = sourcecode.c.h; path = AppDelegate.h; sourceTree = "<group>"; };
		ABA53C23148F0D6A00809400 /* AppDelegate.m */ = {isa = PBXFileReference; lastKnownFileType = sourcecode.c.objc; path = AppDelegate.m; sourceTree = "<group>"; };
		ABA53C26148F0D6A00809400 /* en */ = {isa = PBXFileReference; lastKnownFileType = file.xib; name = en; path = en.lproj/MainMenu.xib; sourceTree = "<group>"; };
		ABA53C2D148F0D7000809400 /* libMKNetworkKit-OSX.a */ = {isa = PBXFileReference; lastKnownFileType = archive.ar; name = "libMKNetworkKit-OSX.a"; path = "../../../../../../../../Library/Developer/Xcode/DerivedData/MKNetworkKit-cjhwoshwgsctpkanrccjokjaigdb/Build/Products/Debug/libMKNetworkKit-OSX.a"; sourceTree = "<group>"; };
/* End PBXFileReference section */

/* Begin PBXFrameworksBuildPhase section */
		ABA53C09148F0D6A00809400 /* Frameworks */ = {
			isa = PBXFrameworksBuildPhase;
			buildActionMask = 2147483647;
			files = (
				ABA53C2E148F0D7000809400 /* libMKNetworkKit-OSX.a in Frameworks */,
				ABA53C11148F0D6A00809400 /* Cocoa.framework in Frameworks */,
			);
			runOnlyForDeploymentPostprocessing = 0;
		};
/* End PBXFrameworksBuildPhase section */

/* Begin PBXGroup section */
		ABA53C01148F0D6900809400 = {
			isa = PBXGroup;
			children = (
				ABA53C2D148F0D7000809400 /* libMKNetworkKit-OSX.a */,
				ABA53C16148F0D6A00809400 /* MKNetworkKit-OSX-Demo */,
				ABA53C0F148F0D6A00809400 /* Frameworks */,
				ABA53C0D148F0D6A00809400 /* Products */,
			);
			sourceTree = "<group>";
		};
		ABA53C0D148F0D6A00809400 /* Products */ = {
			isa = PBXGroup;
			children = (
				ABA53C0C148F0D6A00809400 /* MKNetworkKit-OSX-Demo.app */,
			);
			name = Products;
			sourceTree = "<group>";
		};
		ABA53C0F148F0D6A00809400 /* Frameworks */ = {
			isa = PBXGroup;
			children = (
				ABA53C10148F0D6A00809400 /* Cocoa.framework */,
				ABA53C12148F0D6A00809400 /* Other Frameworks */,
			);
			name = Frameworks;
			sourceTree = "<group>";
		};
		ABA53C12148F0D6A00809400 /* Other Frameworks */ = {
			isa = PBXGroup;
			children = (
				ABA53C13148F0D6A00809400 /* AppKit.framework */,
				ABA53C14148F0D6A00809400 /* CoreData.framework */,
				ABA53C15148F0D6A00809400 /* Foundation.framework */,
			);
			name = "Other Frameworks";
			sourceTree = "<group>";
		};
		ABA53C16148F0D6A00809400 /* MKNetworkKit-OSX-Demo */ = {
			isa = PBXGroup;
			children = (
				ABA53C22148F0D6A00809400 /* AppDelegate.h */,
				ABA53C23148F0D6A00809400 /* AppDelegate.m */,
				ABA53C25148F0D6A00809400 /* MainMenu.xib */,
				ABA53C17148F0D6A00809400 /* Supporting Files */,
			);
			path = "MKNetworkKit-OSX-Demo";
			sourceTree = "<group>";
		};
		ABA53C17148F0D6A00809400 /* Supporting Files */ = {
			isa = PBXGroup;
			children = (
				ABA53C18148F0D6A00809400 /* MKNetworkKit-OSX-Demo-Info.plist */,
				ABA53C19148F0D6A00809400 /* InfoPlist.strings */,
				ABA53C1C148F0D6A00809400 /* main.m */,
				ABA53C1E148F0D6A00809400 /* MKNetworkKit-OSX-Demo-Prefix.pch */,
				ABA53C1F148F0D6A00809400 /* Credits.rtf */,
			);
			name = "Supporting Files";
			sourceTree = "<group>";
		};
/* End PBXGroup section */

/* Begin PBXNativeTarget section */
		ABA53C0B148F0D6A00809400 /* MKNetworkKit-OSX-Demo */ = {
			isa = PBXNativeTarget;
			buildConfigurationList = ABA53C2A148F0D6A00809400 /* Build configuration list for PBXNativeTarget "MKNetworkKit-OSX-Demo" */;
			buildPhases = (
				ABA53C08148F0D6A00809400 /* Sources */,
				ABA53C09148F0D6A00809400 /* Frameworks */,
				ABA53C0A148F0D6A00809400 /* Resources */,
			);
			buildRules = (
			);
			dependencies = (
			);
			name = "MKNetworkKit-OSX-Demo";
			productName = "MKNetworkKit-OSX-Demo";
			productReference = ABA53C0C148F0D6A00809400 /* MKNetworkKit-OSX-Demo.app */;
			productType = "com.apple.product-type.application";
		};
/* End PBXNativeTarget section */

/* Begin PBXProject section */
		ABA53C03148F0D6900809400 /* Project object */ = {
			isa = PBXProject;
			attributes = {
				LastUpgradeCheck = 0450;
				ORGANIZATIONNAME = Steinlogic;
			};
			buildConfigurationList = ABA53C06148F0D6900809400 /* Build configuration list for PBXProject "MKNetworkKit-OSX-Demo" */;
			compatibilityVersion = "Xcode 3.2";
			developmentRegion = English;
			hasScannedForEncodings = 0;
			knownRegions = (
				en,
			);
			mainGroup = ABA53C01148F0D6900809400;
			productRefGroup = ABA53C0D148F0D6A00809400 /* Products */;
			projectDirPath = "";
			projectRoot = "";
			targets = (
				ABA53C0B148F0D6A00809400 /* MKNetworkKit-OSX-Demo */,
			);
		};
/* End PBXProject section */

/* Begin PBXResourcesBuildPhase section */
		ABA53C0A148F0D6A00809400 /* Resources */ = {
			isa = PBXResourcesBuildPhase;
			buildActionMask = 2147483647;
			files = (
				ABA53C1B148F0D6A00809400 /* InfoPlist.strings in Resources */,
				ABA53C21148F0D6A00809400 /* Credits.rtf in Resources */,
				ABA53C27148F0D6A00809400 /* MainMenu.xib in Resources */,
			);
			runOnlyForDeploymentPostprocessing = 0;
		};
/* End PBXResourcesBuildPhase section */

/* Begin PBXSourcesBuildPhase section */
		ABA53C08148F0D6A00809400 /* Sources */ = {
			isa = PBXSourcesBuildPhase;
			buildActionMask = 2147483647;
			files = (
				ABA53C1D148F0D6A00809400 /* main.m in Sources */,
				ABA53C24148F0D6A00809400 /* AppDelegate.m in Sources */,
			);
			runOnlyForDeploymentPostprocessing = 0;
		};
/* End PBXSourcesBuildPhase section */

/* Begin PBXVariantGroup section */
		ABA53C19148F0D6A00809400 /* InfoPlist.strings */ = {
			isa = PBXVariantGroup;
			children = (
				ABA53C1A148F0D6A00809400 /* en */,
			);
			name = InfoPlist.strings;
			sourceTree = "<group>";
		};
		ABA53C1F148F0D6A00809400 /* Credits.rtf */ = {
			isa = PBXVariantGroup;
			children = (
				ABA53C20148F0D6A00809400 /* en */,
			);
			name = Credits.rtf;
			sourceTree = "<group>";
		};
		ABA53C25148F0D6A00809400 /* MainMenu.xib */ = {
			isa = PBXVariantGroup;
			children = (
				ABA53C26148F0D6A00809400 /* en */,
			);
			name = MainMenu.xib;
			sourceTree = "<group>";
		};
/* End PBXVariantGroup section */

/* Begin XCBuildConfiguration section */
		ABA53C28148F0D6A00809400 /* Debug */ = {
			isa = XCBuildConfiguration;
			buildSettings = {
				ALWAYS_SEARCH_USER_PATHS = NO;
				ARCHS = "$(ARCHS_STANDARD_64_BIT)";
				CLANG_ENABLE_OBJC_ARC = YES;
				COPY_PHASE_STRIP = NO;
				GCC_C_LANGUAGE_STANDARD = gnu99;
				GCC_DYNAMIC_NO_PIC = NO;
				GCC_ENABLE_OBJC_EXCEPTIONS = YES;
				GCC_OPTIMIZATION_LEVEL = 0;
				GCC_PREPROCESSOR_DEFINITIONS = (
					"DEBUG=1",
					"$(inherited)",
				);
				GCC_SYMBOLS_PRIVATE_EXTERN = NO;
				GCC_VERSION = com.apple.compilers.llvm.clang.1_0;
				GCC_WARN_64_TO_32_BIT_CONVERSION = YES;
				GCC_WARN_ABOUT_MISSING_PROTOTYPES = YES;
				GCC_WARN_ABOUT_RETURN_TYPE = YES;
				GCC_WARN_UNUSED_VARIABLE = YES;
				MACOSX_DEPLOYMENT_TARGET = 10.7;
				ONLY_ACTIVE_ARCH = YES;
				SDKROOT = macosx;
			};
			name = Debug;
		};
		ABA53C29148F0D6A00809400 /* Release */ = {
			isa = XCBuildConfiguration;
			buildSettings = {
				ALWAYS_SEARCH_USER_PATHS = NO;
				ARCHS = "$(ARCHS_STANDARD_64_BIT)";
				CLANG_ENABLE_OBJC_ARC = YES;
				COPY_PHASE_STRIP = YES;
				DEBUG_INFORMATION_FORMAT = "dwarf-with-dsym";
				GCC_C_LANGUAGE_STANDARD = gnu99;
				GCC_ENABLE_OBJC_EXCEPTIONS = YES;
				GCC_VERSION = com.apple.compilers.llvm.clang.1_0;
				GCC_WARN_64_TO_32_BIT_CONVERSION = YES;
				GCC_WARN_ABOUT_MISSING_PROTOTYPES = YES;
				GCC_WARN_ABOUT_RETURN_TYPE = YES;
				GCC_WARN_UNUSED_VARIABLE = YES;
				MACOSX_DEPLOYMENT_TARGET = 10.7;
				SDKROOT = macosx;
			};
			name = Release;
		};
		ABA53C2B148F0D6A00809400 /* Debug */ = {
			isa = XCBuildConfiguration;
			buildSettings = {
				COMBINE_HIDPI_IMAGES = YES;
				GCC_PRECOMPILE_PREFIX_HEADER = YES;
				GCC_PREFIX_HEADER = "MKNetworkKit-OSX-Demo/MKNetworkKit-OSX-Demo-Prefix.pch";
				INFOPLIST_FILE = "MKNetworkKit-OSX-Demo/MKNetworkKit-OSX-Demo-Info.plist";
				LIBRARY_SEARCH_PATHS = (
					"$(inherited)",
					"\"$(SRCROOT)/../../../../../../../../Library/Developer/Xcode/DerivedData/MKNetworkKit-cjhwoshwgsctpkanrccjokjaigdb/Build/Products/Debug\"",
				);
				PRODUCT_NAME = "$(TARGET_NAME)";
				WRAPPER_EXTENSION = app;
			};
			name = Debug;
		};
		ABA53C2C148F0D6A00809400 /* Release */ = {
			isa = XCBuildConfiguration;
			buildSettings = {
				COMBINE_HIDPI_IMAGES = YES;
				GCC_PRECOMPILE_PREFIX_HEADER = YES;
				GCC_PREFIX_HEADER = "MKNetworkKit-OSX-Demo/MKNetworkKit-OSX-Demo-Prefix.pch";
				INFOPLIST_FILE = "MKNetworkKit-OSX-Demo/MKNetworkKit-OSX-Demo-Info.plist";
				LIBRARY_SEARCH_PATHS = (
					"$(inherited)",
					"\"$(SRCROOT)/../../../../../../../../Library/Developer/Xcode/DerivedData/MKNetworkKit-cjhwoshwgsctpkanrccjokjaigdb/Build/Products/Debug\"",
				);
				PRODUCT_NAME = "$(TARGET_NAME)";
				WRAPPER_EXTENSION = app;
			};
			name = Release;
		};
/* End XCBuildConfiguration section */

/* Begin XCConfigurationList section */
		ABA53C06148F0D6900809400 /* Build configuration list for PBXProject "MKNetworkKit-OSX-Demo" */ = {
			isa = XCConfigurationList;
			buildConfigurations = (
				ABA53C28148F0D6A00809400 /* Debug */,
				ABA53C29148F0D6A00809400 /* Release */,
			);
			defaultConfigurationIsVisible = 0;
			defaultConfigurationName = Release;
		};
		ABA53C2A148F0D6A00809400 /* Build configuration list for PBXNativeTarget "MKNetworkKit-OSX-Demo" */ = {
			isa = XCConfigurationList;
			buildConfigurations = (
				ABA53C2B148F0D6A00809400 /* Debug */,
				ABA53C2C148F0D6A00809400 /* Release */,
			);
			defaultConfigurationIsVisible = 0;
			defaultConfigurationName = Release;
		};
/* End XCConfigurationList section */
	};
	rootObject = ABA53C03148F0D6900809400 /* Project object */;
}
